
Microsoft Visual Studio Solution File, Format Version 12.00
# Visual Studio 15
VisualStudioVersion = 15.0.26430.16
MinimumVisualStudioVersion = 10.0.40219.1
Project("{9A19103F-16F7-4668-BE54-9A1E7A4F7556}") = "PMS.WebApi", "PMS.WebApi\PMS.WebApi.csproj", "{195A00F6-EA64-4ADC-9A67-7DD01AE029F8}"
EndProject
Project("{FAE04EC0-301F-11D3-BF4B-00C04F79EFBC}") = "PMS.Domain", "PMS.Domain\PMS.Domain.csproj", "{F474BF9B-FC50-4751-B978-AAEE88580297}"
EndProject
Project("{FAE04EC0-301F-11D3-BF4B-00C04F79EFBC}") = "PMS.Data", "PMS.Data\PMS.Data.csproj", "{572A2503-EE59-4A56-B74A-2FFDB7646CD2}"
EndProject
Project("{FAE04EC0-301F-11D3-BF4B-00C04F79EFBC}") = "PMS.Services", "PMS.Services\PMS.Services.csproj", "{B87C8964-42AB-4BB6-BA89-4ACC03EFCA78}"
EndProject
Project("{FAE04EC0-301F-11D3-BF4B-00C04F79EFBC}") = "PMS.Utills", "PMS.Utills\PMS.Utills.csproj", "{42154AD1-35F9-4994-946D-66CAF899EC9D}"
EndProject
Global
	GlobalSection(SolutionConfigurationPlatforms) = preSolution
		Debug|Any CPU = Debug|Any CPU
		Release|Any CPU = Release|Any CPU
	EndGlobalSection
	GlobalSection(ProjectConfigurationPlatforms) = postSolution
		{195A00F6-EA64-4ADC-9A67-7DD01AE029F8}.Debug|Any CPU.ActiveCfg = Debug|Any CPU
		{195A00F6-EA64-4ADC-9A67-7DD01AE029F8}.Debug|Any CPU.Build.0 = Debug|Any CPU
		{195A00F6-EA64-4ADC-9A67-7DD01AE029F8}.Release|Any CPU.ActiveCfg = Release|Any CPU
		{195A00F6-EA64-4ADC-9A67-7DD01AE029F8}.Release|Any CPU.Build.0 = Release|Any CPU
		{F474BF9B-FC50-4751-B978-AAEE88580297}.Debug|Any CPU.ActiveCfg = Debug|Any CPU
		{F474BF9B-FC50-4751-B978-AAEE88580297}.Debug|Any CPU.Build.0 = Debug|Any CPU
		{F474BF9B-FC50-4751-B978-AAEE88580297}.Release|Any CPU.ActiveCfg = Release|Any CPU
		{F474BF9B-FC50-4751-B978-AAEE88580297}.Release|Any CPU.Build.0 = Release|Any CPU
		{572A2503-EE59-4A56-B74A-2FFDB7646CD2}.Debug|Any CPU.ActiveCfg = Debug|Any CPU
		{572A2503-EE59-4A56-B74A-2FFDB7646CD2}.Debug|Any CPU.Build.0 = Debug|Any CPU
		{572A2503-EE59-4A56-B74A-2FFDB7646CD2}.Release|Any CPU.ActiveCfg = Release|Any CPU
		{572A2503-EE59-4A56-B74A-2FFDB7646CD2}.Release|Any CPU.Build.0 = Release|Any CPU
		{B87C8964-42AB-4BB6-BA89-4ACC03EFCA78}.Debug|Any CPU.ActiveCfg = Debug|Any CPU
		{B87C8964-42AB-4BB6-BA89-4ACC03EFCA78}.Debug|Any CPU.Build.0 = Debug|Any CPU
		{B87C8964-42AB-4BB6-BA89-4ACC03EFCA78}.Release|Any CPU.ActiveCfg = Release|Any CPU
		{B87C8964-42AB-4BB6-BA89-4ACC03EFCA78}.Release|Any CPU.Build.0 = Release|Any CPU
		{42154AD1-35F9-4994-946D-66CAF899EC9D}.Debug|Any CPU.ActiveCfg = Debug|Any CPU
		{42154AD1-35F9-4994-946D-66CAF899EC9D}.Debug|Any CPU.Build.0 = Debug|Any CPU
		{42154AD1-35F9-4994-946D-66CAF899EC9D}.Release|Any CPU.ActiveCfg = Release|Any CPU
		{42154AD1-35F9-4994-946D-66CAF899EC9D}.Release|Any CPU.Build.0 = Release|Any CPU
	EndGlobalSection
	GlobalSection(SolutionProperties) = preSolution
		HideSolutionNode = FALSE
	EndGlobalSection
EndGlobal
